
Microsoft Visual Studio Solution File, Format Version 12.00
# Visual Studio Version 17
VisualStudioVersion = 17.7.34018.315
MinimumVisualStudioVersion = 10.0.40219.1
Project("{FAE04EC0-301F-11D3-BF4B-00C04F79EFBC}") = "pipelinedemo", "pipelinedemo\pipelinedemo.csproj", "{2311EF05-CBCB-46E1-81BE-FF8E027DB060}"
EndProject
Global
	GlobalSection(SolutionConfigurationPlatforms) = preSolution
		Debug|Any CPU = Debug|Any CPU
		Release|Any CPU = Release|Any CPU
	EndGlobalSection
	GlobalSection(ProjectConfigurationPlatforms) = postSolution
		{2311EF05-CBCB-46E1-81BE-FF8E027DB060}.Debug|Any CPU.ActiveCfg = Debug|Any CPU
		{2311EF05-CBCB-46E1-81BE-FF8E027DB060}.Debug|Any CPU.Build.0 = Debug|Any CPU
		{2311EF05-CBCB-46E1-81BE-FF8E027DB060}.Release|Any CPU.ActiveCfg = Release|Any CPU
		{2311EF05-CBCB-46E1-81BE-FF8E027DB060}.Release|Any CPU.Build.0 = Release|Any CPU
	EndGlobalSection
	GlobalSection(SolutionProperties) = preSolution
		HideSolutionNode = FALSE
	EndGlobalSection
	GlobalSection(ExtensibilityGlobals) = postSolution
		SolutionGuid = {77FECA90-662A-48E5-9A4E-6B7A96E5BB3D}
	EndGlobalSection
EndGlobal
